
Microsoft Visual Studio Solution File, Format Version 12.00
# Visual Studio 15
VisualStudioVersion = 15.0.27130.2027
MinimumVisualStudioVersion = 10.0.40219.1
Project("{FAE04EC0-301F-11D3-BF4B-00C04F79EFBC}") = "Dynago", "Dynago\Dynago.csproj", "{5924357D-4518-46C7-96BA-DDE4BB5BB209}"
EndProject
Project("{FAE04EC0-301F-11D3-BF4B-00C04F79EFBC}") = "Dynago Stub", "..\Dynago Stub\Dynago Stub\Dynago Stub.csproj", "{48343D6B-C731-4832-A071-D3782EBFFE6B}"
EndProject
Global
	GlobalSection(SolutionConfigurationPlatforms) = preSolution
		Debug|Any CPU = Debug|Any CPU
		Release|Any CPU = Release|Any CPU
	EndGlobalSection
	GlobalSection(ProjectConfigurationPlatforms) = postSolution
		{5924357D-4518-46C7-96BA-DDE4BB5BB209}.Debug|Any CPU.ActiveCfg = Debug|Any CPU
		{5924357D-4518-46C7-96BA-DDE4BB5BB209}.Debug|Any CPU.Build.0 = Debug|Any CPU
		{5924357D-4518-46C7-96BA-DDE4BB5BB209}.Release|Any CPU.ActiveCfg = Release|Any CPU
		{5924357D-4518-46C7-96BA-DDE4BB5BB209}.Release|Any CPU.Build.0 = Release|Any CPU
		{48343D6B-C731-4832-A071-D3782EBFFE6B}.Debug|Any CPU.ActiveCfg = Debug|Any CPU
		{48343D6B-C731-4832-A071-D3782EBFFE6B}.Debug|Any CPU.Build.0 = Debug|Any CPU
		{48343D6B-C731-4832-A071-D3782EBFFE6B}.Release|Any CPU.ActiveCfg = Release|Any CPU
		{48343D6B-C731-4832-A071-D3782EBFFE6B}.Release|Any CPU.Build.0 = Release|Any CPU
	EndGlobalSection
	GlobalSection(SolutionProperties) = preSolution
		HideSolutionNode = FALSE
	EndGlobalSection
	GlobalSection(ExtensibilityGlobals) = postSolution
		SolutionGuid = {3B6C54AA-AC5E-4B88-91A7-6CC9EDDE9726}
	EndGlobalSection
EndGlobal
